# THIS IS AN AUTOGENERATED FILE. DO NOT EDIT THIS FILE DIRECTLY.
# yarn lockfile v1


"@actions/core@1.2.6":
  version "1.2.6"
  resolved "https://registry.yarnpkg.com/@actions/core/-/core-1.2.6.tgz#a78d49f41a4def18e88ce47c2cac615d5694bf09"
  integrity sha512-ZQYitnqiyBc3D+k7LsgSBmMDVkOVidaagDG7j3fOym77jNunWRuYx7VSHa9GNfFZh+zh61xsCjRj4JxMZlDqTA==

"@actions/exec@1.0.4":
  version "1.0.4"
  resolved "https://registry.yarnpkg.com/@actions/exec/-/exec-1.0.4.tgz#99d75310e62e59fc37d2ee6dcff6d4bffadd3a5d"
  integrity sha512-4DPChWow9yc9W3WqEbUj8Nr86xkpyE29ZzWjXucHItclLbEW6jr80Zx4nqv18QL6KK65+cifiQZXvnqgTV6oHw==
  dependencies:
    "@actions/io" "^1.0.1"

"@actions/github@4.0.0":
  version "4.0.0"
  resolved "https://registry.yarnpkg.com/@actions/github/-/github-4.0.0.tgz#d520483151a2bf5d2dc9cd0f20f9ac3a2e458816"
  integrity sha512-Ej/Y2E+VV6sR9X7pWL5F3VgEWrABaT292DRqRU6R4hnQjPtC/zD3nagxVdXWiRQvYDh8kHXo7IDmG42eJ/dOMA==
  dependencies:
    "@actions/http-client" "^1.0.8"
    "@octokit/core" "^3.0.0"
    "@octokit/plugin-paginate-rest" "^2.2.3"
    "@octokit/plugin-rest-endpoint-methods" "^4.0.0"

"@actions/http-client@^1.0.8":
  version "1.0.9"
  resolved "https://registry.yarnpkg.com/@actions/http-client/-/http-client-1.0.9.tgz#af1947d020043dbc6a3b4c5918892095c30ffb52"
  integrity sha512-0O4SsJ7q+MK0ycvXPl2e6bMXV7dxAXOGjrXS1eTF9s2S401Tp6c/P3c3Joz04QefC1J6Gt942Wl2jbm3f4mLcg==
  dependencies:
    tunnel "0.0.6"

"@actions/io@^1.0.1":
  version "1.0.2"
  resolved "https://registry.yarnpkg.com/@actions/io/-/io-1.0.2.tgz#2f614b6e69ce14d191180451eb38e6576a6e6b27"
  integrity sha512-J8KuFqVPr3p6U8W93DOXlXW6zFvrQAJANdS+vw0YhusLIq+bszW8zmK2Fh1C2kDPX8FMvwIl1OUcFgvJoXLbAg==

"@octokit/auth-token@^2.4.0":
  version "2.4.3"
  resolved "https://registry.yarnpkg.com/@octokit/auth-token/-/auth-token-2.4.3.tgz#b868b5f2366533a7e62933eaa1181a8924228cc4"
  integrity sha512-fdGoOQ3kQJh+hrilc0Plg50xSfaCKOeYN9t6dpJKXN9BxhhfquL0OzoQXg3spLYymL5rm29uPeI3KEXRaZQ9zg==
  dependencies:
    "@octokit/types" "^5.0.0"

"@octokit/core@^3.0.0":
  version "3.2.1"
  resolved "https://registry.yarnpkg.com/@octokit/core/-/core-3.2.1.tgz#9e04df3f4e7f825ac0559327490ce34299140af5"
  integrity sha512-XfFSDDwv6tclUenS0EmB6iA7u+4aOHBT1Lz4PtQNQQg3hBbNaR/+Uv5URU+egeIuuGAiMRiDyY92G4GBOWOqDA==
  dependencies:
    "@octokit/auth-token" "^2.4.0"
    "@octokit/graphql" "^4.3.1"
    "@octokit/request" "^5.4.0"
    "@octokit/types" "^5.0.0"
    before-after-hook "^2.1.0"
    universal-user-agent "^6.0.0"

"@octokit/endpoint@^6.0.1":
  version "6.0.9"
  resolved "https://registry.yarnpkg.com/@octokit/endpoint/-/endpoint-6.0.9.tgz#c6a772e024202b1bd19ab69f90e0536a2598b13e"
  integrity sha512-3VPLbcCuqji4IFTclNUtGdp9v7g+nspWdiCUbK3+iPMjJCZ6LEhn1ts626bWLOn0GiDb6j+uqGvPpqLnY7pBgw==
  dependencies:
    "@octokit/types" "^5.0.0"
    is-plain-object "^5.0.0"
    universal-user-agent "^6.0.0"

"@octokit/graphql@^4.3.1":
  version "4.5.7"
  resolved "https://registry.yarnpkg.com/@octokit/graphql/-/graphql-4.5.7.tgz#f4562dcd9e80ea94602068e85aefac19a88f8578"
  integrity sha512-Gk0AR+DcwIK/lK/GX+OQ99UqtenQhcbrhHHfOYlrCQe17ADnX3EKAOKRsAZ9qZvpi5MuwWm/Nm+9aO2kTDSdyA==
  dependencies:
    "@octokit/request" "^5.3.0"
    "@octokit/types" "^5.0.0"
    universal-user-agent "^6.0.0"

"@octokit/plugin-paginate-rest@^2.2.3":
  version "2.6.0"
  resolved "https://registry.yarnpkg.com/@octokit/plugin-paginate-rest/-/plugin-paginate-rest-2.6.0.tgz#03416396e7a227b268c5b827365238f620a9c5c1"
  integrity sha512-o+O8c1PqsC5++BHXfMZabRRsBIVb34tXPWyQLyp2IXq5MmkxdipS7TXM4Y9ldL1PzY9CTrCsn/lzFFJGM3oRRA==
  dependencies:
    "@octokit/types" "^5.5.0"

"@octokit/plugin-rest-endpoint-methods@^4.0.0":
  version "4.2.1"
  resolved "https://registry.yarnpkg.com/@octokit/plugin-rest-endpoint-methods/-/plugin-rest-endpoint-methods-4.2.1.tgz#8224833a45c3394836dc6e86f1e6c49269a2c350"
  integrity sha512-QyFr4Bv807Pt1DXZOC5a7L5aFdrwz71UHTYoHVajYV5hsqffWm8FUl9+O7nxRu5PDMtB/IKrhFqTmdBTK5cx+A==
  dependencies:
    "@octokit/types" "^5.5.0"
    deprecation "^2.3.1"

"@octokit/request-error@^2.0.0":
  version "2.0.3"
  resolved "https://registry.yarnpkg.com/@octokit/request-error/-/request-error-2.0.3.tgz#b51b200052bf483f6fa56c9e7e3aa51ead36ecd8"
  integrity sha512-GgD5z8Btm301i2zfvJLk/mkhvGCdjQ7wT8xF9ov5noQY8WbKZDH9cOBqXzoeKd1mLr1xH2FwbtGso135zGBgTA==
  dependencies:
    "@octokit/types" "^5.0.1"
    deprecation "^2.0.0"
    once "^1.4.0"

"@octokit/request@^5.3.0", "@octokit/request@^5.4.0":
  version "5.4.10"
  resolved "https://registry.yarnpkg.com/@octokit/request/-/request-5.4.10.tgz#402d2c53768bde12b99348329ba4129746aebb9c"
  integrity sha512-egA49HkqEORVGDZGav1mh+VD+7uLgOxtn5oODj6guJk0HCy+YBSYapFkSLFgeYj3Fr18ZULKGURkjyhkAChylw==
  dependencies:
    "@octokit/endpoint" "^6.0.1"
    "@octokit/request-error" "^2.0.0"
    "@octokit/types" "^5.0.0"
    deprecation "^2.0.0"
    is-plain-object "^5.0.0"
    node-fetch "^2.6.1"
    once "^1.4.0"
    universal-user-agent "^6.0.0"

"@octokit/types@^5.0.0", "@octokit/types@^5.0.1", "@octokit/types@^5.5.0":
  version "5.5.0"
  resolved "https://registry.yarnpkg.com/@octokit/types/-/types-5.5.0.tgz#e5f06e8db21246ca102aa28444cdb13ae17a139b"
  integrity sha512-UZ1pErDue6bZNjYOotCNveTXArOMZQFG6hKJfOnGnulVCMcVVi7YIIuuR4WfBhjo7zgpmzn/BkPDnUXtNx+PcQ==
  dependencies:
    "@types/node" ">= 8"

"@types/node@>= 8":
  version "14.14.8"
  resolved "https://registry.yarnpkg.com/@types/node/-/node-14.14.8.tgz#2127bd81949a95c8b7d3240f3254352d72563aec"
  integrity sha512-z/5Yd59dCKI5kbxauAJgw6dLPzW+TNOItNE00PkpzNwUIEwdj/Lsqwq94H5DdYBX7C13aRA0CY32BK76+neEUA==

"@vercel/ncc@0.24.1":
  version "0.24.1"
  resolved "https://registry.yarnpkg.com/@vercel/ncc/-/ncc-0.24.1.tgz#3ea2932c85ba87f4de6fe550d60e1bf5c005985e"
  integrity sha512-r9m7brz2hNmq5TF3sxrK4qR/FhXn44XIMglQUir4sT7Sh5GOaYXlMYikHFwJStf8rmQGTlvOoBXt4yHVonRG8A==

before-after-hook@^2.1.0:
  version "2.1.0"
  resolved "https://registry.yarnpkg.com/before-after-hook/-/before-after-hook-2.1.0.tgz#b6c03487f44e24200dd30ca5e6a1979c5d2fb635"
  integrity sha512-IWIbu7pMqyw3EAJHzzHbWa85b6oud/yfKYg5rqB5hNE8CeMi3nX+2C2sj0HswfblST86hpVEOAb9x34NZd6P7A==

deprecation@^2.0.0, deprecation@^2.3.1:
  version "2.3.1"
  resolved "https://registry.yarnpkg.com/deprecation/-/deprecation-2.3.1.tgz#6368cbdb40abf3373b525ac87e4a260c3a700919"
  integrity sha512-xmHIy4F3scKVwMsQ4WnVaS8bHOx0DmVwRywosKhaILI0ywMDWPtBSku2HNxRvF7jtwDRsoEwYQSfbxj8b7RlJQ==

is-plain-object@^5.0.0:
  version "5.0.0"
  resolved "https://registry.yarnpkg.com/is-plain-object/-/is-plain-object-5.0.0.tgz#4427f50ab3429e9025ea7d52e9043a9ef4159344"
  integrity sha512-VRSzKkbMm5jMDoKLbltAkFQ5Qr7VDiTFGXxYFXXowVj387GeGNOCsOH6Msy00SGZ3Fp84b1Naa1psqgcCIEP5Q==

node-fetch@^2.6.1:
  version "2.6.1"
  resolved "https://registry.yarnpkg.com/node-fetch/-/node-fetch-2.6.1.tgz#045bd323631f76ed2e2b55573394416b639a0052"
  integrity sha512-V4aYg89jEoVRxRb2fJdAg8FHvI7cEyYdVAh94HH0UIK8oJxUfkjlDQN9RbMx+bEjP7+ggMiFRprSti032Oipxw==

once@^1.4.0:
  version "1.4.0"
  resolved "https://registry.yarnpkg.com/once/-/once-1.4.0.tgz#583b1aa775961d4b113ac17d9c50baef9dd76bd1"
  integrity sha1-WDsap3WWHUsROsF9nFC6753Xa9E=
  dependencies:
    wrappy "1"

tunnel@0.0.6:
  version "0.0.6"
  resolved "https://registry.yarnpkg.com/tunnel/-/tunnel-0.0.6.tgz#72f1314b34a5b192db012324df2cc587ca47f92c"
  integrity sha512-1h/Lnq9yajKY2PEbBadPXj3VxsDDu844OnaAo52UVmIzIvwwtBPIuNvkjuzBlTWpfJyUbG3ez0KSBibQkj4ojg==

universal-user-agent@^6.0.0:
  version "6.0.0"
  resolved "https://registry.yarnpkg.com/universal-user-agent/-/universal-user-agent-6.0.0.tgz#3381f8503b251c0d9cd21bc1de939ec9df5480ee"
  integrity sha512-isyNax3wXoKaulPDZWHQqbmIx1k2tb9fb3GGDBRxCscfYV2Ch7WxPArBsFEG8s/safwXTT7H4QGhaIkTp9447w==

wrappy@1:
  version "1.0.2"
  resolved "https://registry.yarnpkg.com/wrappy/-/wrappy-1.0.2.tgz#b5243d8f3ec1aa35f1364605bc0d1036e30ab69f"
  integrity sha1-tSQ9jz7BqjXxNkYFvA0QNuMKtp8=
