# THIS IS AN AUTOGENERATED FILE. DO NOT EDIT THIS FILE DIRECTLY.
# yarn lockfile v1


"@actions/core@^1.2.6":
  version "1.2.6"
  resolved "https://registry.npm.taobao.org/@actions/core/download/@actions/core-1.2.6.tgz#a78d49f41a4def18e88ce47c2cac615d5694bf09"
  integrity sha1-p41J9BpN7xjojOR8LKxhXVaUvwk=

"@actions/exec@^1.0.3":
  version "1.0.4"
  resolved "https://registry.npm.taobao.org/@actions/exec/download/@actions/exec-1.0.4.tgz#99d75310e62e59fc37d2ee6dcff6d4bffadd3a5d"
  integrity sha1-mddTEOYuWfw30u5tz/bUv/rdOl0=
  dependencies:
    "@actions/io" "^1.0.1"

"@actions/github@^2.1.1":
  version "2.2.0"
  resolved "https://registry.npm.taobao.org/@actions/github/download/@actions/github-2.2.0.tgz#8952fe96b12b881fa39340f0e7202b04dc5c3e71"
  integrity sha1-iVL+lrEriB+jk0Dw5yArBNxcPnE=
  dependencies:
    "@actions/http-client" "^1.0.3"
    "@octokit/graphql" "^4.3.1"
    "@octokit/rest" "^16.43.1"

"@actions/http-client@^1.0.3":
  version "1.0.9"
  resolved "https://registry.npm.taobao.org/@actions/http-client/download/@actions/http-client-1.0.9.tgz#af1947d020043dbc6a3b4c5918892095c30ffb52"
  integrity sha1-rxlH0CAEPbxqO0xZGIkglcMP+1I=
  dependencies:
    tunnel "0.0.6"

"@actions/io@^1.0.1":
  version "1.0.2"
  resolved "https://registry.npm.taobao.org/@actions/io/download/@actions/io-1.0.2.tgz#2f614b6e69ce14d191180451eb38e6576a6e6b27"
  integrity sha1-L2FLbmnOFNGRGARR6zjmV2puayc=

"@octokit/auth-token@^2.4.0":
  version "2.4.3"
  resolved "https://registry.npm.taobao.org/@octokit/auth-token/download/@octokit/auth-token-2.4.3.tgz#b868b5f2366533a7e62933eaa1181a8924228cc4"
  integrity sha1-uGi18jZlM6fmKTPqoRgaiSQijMQ=
  dependencies:
    "@octokit/types" "^5.0.0"

"@octokit/endpoint@^6.0.1":
  version "6.0.9"
  resolved "https://registry.npm.taobao.org/@octokit/endpoint/download/@octokit/endpoint-6.0.9.tgz#c6a772e024202b1bd19ab69f90e0536a2598b13e"
  integrity sha1-xqdy4CQgKxvRmrafkOBTaiWYsT4=
  dependencies:
    "@octokit/types" "^5.0.0"
    is-plain-object "^5.0.0"
    universal-user-agent "^6.0.0"

"@octokit/graphql@^4.3.1":
  version "4.5.7"
  resolved "https://registry.npm.taobao.org/@octokit/graphql/download/@octokit/graphql-4.5.7.tgz#f4562dcd9e80ea94602068e85aefac19a88f8578"
  integrity sha1-9FYtzZ6A6pRgIGjoWu+sGaiPhXg=
  dependencies:
    "@octokit/request" "^5.3.0"
    "@octokit/types" "^5.0.0"
    universal-user-agent "^6.0.0"

"@octokit/plugin-paginate-rest@^1.1.1":
  version "1.1.2"
  resolved "https://registry.npm.taobao.org/@octokit/plugin-paginate-rest/download/@octokit/plugin-paginate-rest-1.1.2.tgz#004170acf8c2be535aba26727867d692f7b488fc"
  integrity sha1-AEFwrPjCvlNauiZyeGfWkve0iPw=
  dependencies:
    "@octokit/types" "^2.0.1"

"@octokit/plugin-request-log@^1.0.0":
  version "1.0.2"
  resolved "https://registry.npm.taobao.org/@octokit/plugin-request-log/download/@octokit/plugin-request-log-1.0.2.tgz#394d59ec734cd2f122431fbaf05099861ece3c44"
  integrity sha1-OU1Z7HNM0vEiQx+68FCZhh7OPEQ=

"@octokit/plugin-rest-endpoint-methods@2.4.0":
  version "2.4.0"
  resolved "https://registry.npm.taobao.org/@octokit/plugin-rest-endpoint-methods/download/@octokit/plugin-rest-endpoint-methods-2.4.0.tgz#3288ecf5481f68c494dd0602fc15407a59faf61e"
  integrity sha1-Mojs9UgfaMSU3QYC/BVAeln69h4=
  dependencies:
    "@octokit/types" "^2.0.1"
    deprecation "^2.3.1"

"@octokit/request-error@^1.0.2":
  version "1.2.1"
  resolved "https://registry.npm.taobao.org/@octokit/request-error/download/@octokit/request-error-1.2.1.tgz#ede0714c773f32347576c25649dc013ae6b31801"
  integrity sha1-7eBxTHc/MjR1dsJWSdwBOuazGAE=
  dependencies:
    "@octokit/types" "^2.0.0"
    deprecation "^2.0.0"
    once "^1.4.0"

"@octokit/request-error@^2.0.0":
  version "2.0.3"
  resolved "https://registry.npm.taobao.org/@octokit/request-error/download/@octokit/request-error-2.0.3.tgz#b51b200052bf483f6fa56c9e7e3aa51ead36ecd8"
  integrity sha1-tRsgAFK/SD9vpWyefjqlHq027Ng=
  dependencies:
    "@octokit/types" "^5.0.1"
    deprecation "^2.0.0"
    once "^1.4.0"

"@octokit/request@^5.2.0", "@octokit/request@^5.3.0":
  version "5.4.10"
  resolved "https://registry.npm.taobao.org/@octokit/request/download/@octokit/request-5.4.10.tgz#402d2c53768bde12b99348329ba4129746aebb9c"
  integrity sha1-QC0sU3aL3hK5k0gym6QSl0auu5w=
  dependencies:
    "@octokit/endpoint" "^6.0.1"
    "@octokit/request-error" "^2.0.0"
    "@octokit/types" "^5.0.0"
    deprecation "^2.0.0"
    is-plain-object "^5.0.0"
    node-fetch "^2.6.1"
    once "^1.4.0"
    universal-user-agent "^6.0.0"

"@octokit/rest@^16.43.1":
  version "16.43.2"
  resolved "https://registry.npm.taobao.org/@octokit/rest/download/@octokit/rest-16.43.2.tgz#c53426f1e1d1044dee967023e3279c50993dd91b"
  integrity sha1-xTQm8eHRBE3ulnAj4yecUJk92Rs=
  dependencies:
    "@octokit/auth-token" "^2.4.0"
    "@octokit/plugin-paginate-rest" "^1.1.1"
    "@octokit/plugin-request-log" "^1.0.0"
    "@octokit/plugin-rest-endpoint-methods" "2.4.0"
    "@octokit/request" "^5.2.0"
    "@octokit/request-error" "^1.0.2"
    atob-lite "^2.0.0"
    before-after-hook "^2.0.0"
    btoa-lite "^1.0.0"
    deprecation "^2.0.0"
    lodash.get "^4.4.2"
    lodash.set "^4.3.2"
    lodash.uniq "^4.5.0"
    octokit-pagination-methods "^1.1.0"
    once "^1.4.0"
    universal-user-agent "^4.0.0"

"@octokit/types@^2.0.0", "@octokit/types@^2.0.1":
  version "2.16.2"
  resolved "https://registry.npm.taobao.org/@octokit/types/download/@octokit/types-2.16.2.tgz#4c5f8da3c6fecf3da1811aef678fda03edac35d2"
  integrity sha1-TF+No8b+zz2hgRrvZ4/aA+2sNdI=
  dependencies:
    "@types/node" ">= 8"

"@octokit/types@^5.0.0", "@octokit/types@^5.0.1":
  version "5.5.0"
  resolved "https://registry.npm.taobao.org/@octokit/types/download/@octokit/types-5.5.0.tgz#e5f06e8db21246ca102aa28444cdb13ae17a139b"
  integrity sha1-5fBujbISRsoQKqKERM2xOuF6E5s=
  dependencies:
    "@types/node" ">= 8"

"@prettier/plugin-ruby@0.20.1":
  version "0.20.1"
  resolved "https://registry.npm.taobao.org/@prettier/plugin-ruby/download/@prettier/plugin-ruby-0.20.1.tgz#5fc27541436914c34d9406e5d98908f0ba5ac290"
  integrity sha1-X8J1QUNpFMNNlAbl2YkI8LpawpA=
  dependencies:
    prettier ">=1.10"

"@types/node@>= 8":
  version "14.14.9"
  resolved "https://registry.npm.taobao.org/@types/node/download/@types/node-14.14.9.tgz?cache=0&sync_timestamp=1605819952677&other_urls=https%3A%2F%2Fregistry.npm.taobao.org%2F%40types%2Fnode%2Fdownload%2F%40types%2Fnode-14.14.9.tgz#04afc9a25c6ff93da14deabd65dc44485b53c8d6"
  integrity sha1-BK/Jolxv+T2hTeq9ZdxESFtTyNY=

"@vercel/ncc@^0.25.1":
  version "0.25.1"
  resolved "https://registry.npm.taobao.org/@vercel/ncc/download/@vercel/ncc-0.25.1.tgz#a4aacdb508ac496fc0c63a3c3203d700a619cc0e"
  integrity sha1-pKrNtQisSW/Axjo8MgPXAKYZzA4=

atob-lite@^2.0.0:
  version "2.0.0"
  resolved "https://registry.npm.taobao.org/atob-lite/download/atob-lite-2.0.0.tgz#0fef5ad46f1bd7a8502c65727f0367d5ee43d696"
  integrity sha1-D+9a1G8b16hQLGVyfwNn1e5D1pY=

before-after-hook@^2.0.0:
  version "2.1.0"
  resolved "https://registry.npm.taobao.org/before-after-hook/download/before-after-hook-2.1.0.tgz#b6c03487f44e24200dd30ca5e6a1979c5d2fb635"
  integrity sha1-tsA0h/ROJCAN0wyl5qGXnF0vtjU=

btoa-lite@^1.0.0:
  version "1.0.0"
  resolved "https://registry.npm.taobao.org/btoa-lite/download/btoa-lite-1.0.0.tgz#337766da15801210fdd956c22e9c6891ab9d0337"
  integrity sha1-M3dm2hWAEhD92VbCLpxokaudAzc=

cross-spawn@^6.0.0:
  version "6.0.5"
  resolved "https://registry.npm.taobao.org/cross-spawn/download/cross-spawn-6.0.5.tgz#4a5ec7c64dfae22c3a14124dbacdee846d80cbc4"
  integrity sha1-Sl7Hxk364iw6FBJNus3uhG2Ay8Q=
  dependencies:
    nice-try "^1.0.4"
    path-key "^2.0.1"
    semver "^5.5.0"
    shebang-command "^1.2.0"
    which "^1.2.9"

deprecation@^2.0.0, deprecation@^2.3.1:
  version "2.3.1"
  resolved "https://registry.npm.taobao.org/deprecation/download/deprecation-2.3.1.tgz#6368cbdb40abf3373b525ac87e4a260c3a700919"
  integrity sha1-Y2jL20Cr8zc7UlrIfkomDDpwCRk=

end-of-stream@^1.1.0:
  version "1.4.4"
  resolved "https://registry.npm.taobao.org/end-of-stream/download/end-of-stream-1.4.4.tgz#5ae64a5f45057baf3626ec14da0ca5e4b2431eb0"
  integrity sha1-WuZKX0UFe682JuwU2gyl5LJDHrA=
  dependencies:
    once "^1.4.0"

execa@^1.0.0:
  version "1.0.0"
  resolved "https://registry.npm.taobao.org/execa/download/execa-1.0.0.tgz?cache=0&sync_timestamp=1603882852015&other_urls=https%3A%2F%2Fregistry.npm.taobao.org%2Fexeca%2Fdownload%2Fexeca-1.0.0.tgz#c6236a5bb4df6d6f15e88e7f017798216749ddd8"
  integrity sha1-xiNqW7TfbW8V6I5/AXeYIWdJ3dg=
  dependencies:
    cross-spawn "^6.0.0"
    get-stream "^4.0.0"
    is-stream "^1.1.0"
    npm-run-path "^2.0.0"
    p-finally "^1.0.0"
    signal-exit "^3.0.0"
    strip-eof "^1.0.0"

get-stream@^4.0.0:
  version "4.1.0"
  resolved "https://registry.npm.taobao.org/get-stream/download/get-stream-4.1.0.tgz?cache=0&sync_timestamp=1597056491448&other_urls=https%3A%2F%2Fregistry.npm.taobao.org%2Fget-stream%2Fdownload%2Fget-stream-4.1.0.tgz#c1b255575f3dc21d59bfc79cd3d2b46b1c3a54b5"
  integrity sha1-wbJVV189wh1Zv8ec09K0axw6VLU=
  dependencies:
    pump "^3.0.0"

is-plain-object@^5.0.0:
  version "5.0.0"
  resolved "https://registry.npm.taobao.org/is-plain-object/download/is-plain-object-5.0.0.tgz?cache=0&sync_timestamp=1599667313656&other_urls=https%3A%2F%2Fregistry.npm.taobao.org%2Fis-plain-object%2Fdownload%2Fis-plain-object-5.0.0.tgz#4427f50ab3429e9025ea7d52e9043a9ef4159344"
  integrity sha1-RCf1CrNCnpAl6n1S6QQ6nvQVk0Q=

is-stream@^1.1.0:
  version "1.1.0"
  resolved "https://registry.npm.taobao.org/is-stream/download/is-stream-1.1.0.tgz#12d4a3dd4e68e0b79ceb8dbc84173ae80d91ca44"
  integrity sha1-EtSj3U5o4Lec6428hBc66A2RykQ=

isexe@^2.0.0:
  version "2.0.0"
  resolved "https://registry.npm.taobao.org/isexe/download/isexe-2.0.0.tgz#e8fbf374dc556ff8947a10dcb0572d633f2cfa10"
  integrity sha1-6PvzdNxVb/iUehDcsFctYz8s+hA=

lodash.get@^4.4.2:
  version "4.4.2"
  resolved "https://registry.npm.taobao.org/lodash.get/download/lodash.get-4.4.2.tgz#2d177f652fa31e939b4438d5341499dfa3825e99"
  integrity sha1-LRd/ZS+jHpObRDjVNBSZ36OCXpk=

lodash.set@^4.3.2:
  version "4.3.2"
  resolved "https://registry.npm.taobao.org/lodash.set/download/lodash.set-4.3.2.tgz#d8757b1da807dde24816b0d6a84bea1a76230b23"
  integrity sha1-2HV7HagH3eJIFrDWqEvqGnYjCyM=

lodash.uniq@^4.5.0:
  version "4.5.0"
  resolved "https://registry.npm.taobao.org/lodash.uniq/download/lodash.uniq-4.5.0.tgz#d0225373aeb652adc1bc82e4945339a842754773"
  integrity sha1-0CJTc662Uq3BvILklFM5qEJ1R3M=

macos-release@^2.2.0:
  version "2.4.1"
  resolved "https://registry.npm.taobao.org/macos-release/download/macos-release-2.4.1.tgz#64033d0ec6a5e6375155a74b1a1eba8e509820ac"
  integrity sha1-ZAM9Dsal5jdRVadLGh66jlCYIKw=

nice-try@^1.0.4:
  version "1.0.5"
  resolved "https://registry.npm.taobao.org/nice-try/download/nice-try-1.0.5.tgz#a3378a7696ce7d223e88fc9b764bd7ef1089e366"
  integrity sha1-ozeKdpbOfSI+iPybdkvX7xCJ42Y=

node-fetch@^2.6.1:
  version "2.6.1"
  resolved "https://registry.npm.taobao.org/node-fetch/download/node-fetch-2.6.1.tgz?cache=0&sync_timestamp=1599309202591&other_urls=https%3A%2F%2Fregistry.npm.taobao.org%2Fnode-fetch%2Fdownload%2Fnode-fetch-2.6.1.tgz#045bd323631f76ed2e2b55573394416b639a0052"
  integrity sha1-BFvTI2Mfdu0uK1VXM5RBa2OaAFI=

npm-run-path@^2.0.0:
  version "2.0.2"
  resolved "https://registry.npm.taobao.org/npm-run-path/download/npm-run-path-2.0.2.tgz#35a9232dfa35d7067b4cb2ddf2357b1871536c5f"
  integrity sha1-NakjLfo11wZ7TLLd8jV7GHFTbF8=
  dependencies:
    path-key "^2.0.0"

octokit-pagination-methods@^1.1.0:
  version "1.1.0"
  resolved "https://registry.npm.taobao.org/octokit-pagination-methods/download/octokit-pagination-methods-1.1.0.tgz#cf472edc9d551055f9ef73f6e42b4dbb4c80bea4"
  integrity sha1-z0cu3J1VEFX573P25CtNu0yAvqQ=

once@^1.3.1, once@^1.4.0:
  version "1.4.0"
  resolved "https://registry.npm.taobao.org/once/download/once-1.4.0.tgz#583b1aa775961d4b113ac17d9c50baef9dd76bd1"
  integrity sha1-WDsap3WWHUsROsF9nFC6753Xa9E=
  dependencies:
    wrappy "1"

os-name@^3.1.0:
  version "3.1.0"
  resolved "https://registry.npm.taobao.org/os-name/download/os-name-3.1.0.tgz#dec19d966296e1cd62d701a5a66ee1ddeae70801"
  integrity sha1-3sGdlmKW4c1i1wGlpm7h3ernCAE=
  dependencies:
    macos-release "^2.2.0"
    windows-release "^3.1.0"

p-finally@^1.0.0:
  version "1.0.0"
  resolved "https://registry.npm.taobao.org/p-finally/download/p-finally-1.0.0.tgz#3fbcfb15b899a44123b34b6dcc18b724336a2cae"
  integrity sha1-P7z7FbiZpEEjs0ttzBi3JDNqLK4=

path-key@^2.0.0, path-key@^2.0.1:
  version "2.0.1"
  resolved "https://registry.npm.taobao.org/path-key/download/path-key-2.0.1.tgz#411cadb574c5a140d3a4b1910d40d80cc9f40b40"
  integrity sha1-QRyttXTFoUDTpLGRDUDYDMn0C0A=

prettier@2.1.2:
  version "2.1.2"
  resolved "https://registry.npm.taobao.org/prettier/download/prettier-2.1.2.tgz?cache=0&sync_timestamp=1605845801557&other_urls=https%3A%2F%2Fregistry.npm.taobao.org%2Fprettier%2Fdownload%2Fprettier-2.1.2.tgz#3050700dae2e4c8b67c4c3f666cdb8af405e1ce5"
  integrity sha1-MFBwDa4uTItnxMP2Zs24r0BeHOU=

prettier@>=1.10:
  version "2.2.0"
  resolved "https://registry.npm.taobao.org/prettier/download/prettier-2.2.0.tgz?cache=0&sync_timestamp=1605845801557&other_urls=https%3A%2F%2Fregistry.npm.taobao.org%2Fprettier%2Fdownload%2Fprettier-2.2.0.tgz#8a03c7777883b29b37fb2c4348c66a78e980418b"
  integrity sha1-igPHd3iDsps3+yxDSMZqeOmAQYs=

pump@^3.0.0:
  version "3.0.0"
  resolved "https://registry.npm.taobao.org/pump/download/pump-3.0.0.tgz#b4a2116815bde2f4e1ea602354e8c75565107a64"
  integrity sha1-tKIRaBW94vTh6mAjVOjHVWUQemQ=
  dependencies:
    end-of-stream "^1.1.0"
    once "^1.3.1"

semver@^5.5.0:
  version "5.7.1"
  resolved "https://registry.npm.taobao.org/semver/download/semver-5.7.1.tgz#a954f931aeba508d307bbf069eff0c01c96116f7"
  integrity sha1-qVT5Ma66UI0we78Gnv8MAclhFvc=

shebang-command@^1.2.0:
  version "1.2.0"
  resolved "https://registry.npm.taobao.org/shebang-command/download/shebang-command-1.2.0.tgz#44aac65b695b03398968c39f363fee5deafdf1ea"
  integrity sha1-RKrGW2lbAzmJaMOfNj/uXer98eo=
  dependencies:
    shebang-regex "^1.0.0"

shebang-regex@^1.0.0:
  version "1.0.0"
  resolved "https://registry.npm.taobao.org/shebang-regex/download/shebang-regex-1.0.0.tgz#da42f49740c0b42db2ca9728571cb190c98efea3"
  integrity sha1-2kL0l0DAtC2yypcoVxyxkMmO/qM=

signal-exit@^3.0.0:
  version "3.0.3"
  resolved "https://registry.npm.taobao.org/signal-exit/download/signal-exit-3.0.3.tgz#a1410c2edd8f077b08b4e253c8eacfcaf057461c"
  integrity sha1-oUEMLt2PB3sItOJTyOrPyvBXRhw=

strip-eof@^1.0.0:
  version "1.0.0"
  resolved "https://registry.npm.taobao.org/strip-eof/download/strip-eof-1.0.0.tgz#bb43ff5598a6eb05d89b59fcd129c983313606bf"
  integrity sha1-u0P/VZim6wXYm1n80SnJgzE2Br8=

tunnel@0.0.6:
  version "0.0.6"
  resolved "https://registry.npm.taobao.org/tunnel/download/tunnel-0.0.6.tgz#72f1314b34a5b192db012324df2cc587ca47f92c"
  integrity sha1-cvExSzSlsZLbASMk3yzFh8pH+Sw=

universal-user-agent@^4.0.0:
  version "4.0.1"
  resolved "https://registry.npm.taobao.org/universal-user-agent/download/universal-user-agent-4.0.1.tgz?cache=0&other_urls=https%3A%2F%2Fregistry.npm.taobao.org%2Funiversal-user-agent%2Fdownload%2Funiversal-user-agent-4.0.1.tgz#fd8d6cb773a679a709e967ef8288a31fcc03e557"
  integrity sha1-/Y1st3OmeacJ6WfvgoijH8wD5Vc=
  dependencies:
    os-name "^3.1.0"

universal-user-agent@^6.0.0:
  version "6.0.0"
  resolved "https://registry.npm.taobao.org/universal-user-agent/download/universal-user-agent-6.0.0.tgz?cache=0&other_urls=https%3A%2F%2Fregistry.npm.taobao.org%2Funiversal-user-agent%2Fdownload%2Funiversal-user-agent-6.0.0.tgz#3381f8503b251c0d9cd21bc1de939ec9df5480ee"
  integrity sha1-M4H4UDslHA2c0hvB3pOeyd9UgO4=

which@^1.2.9:
  version "1.3.1"
  resolved "https://registry.npm.taobao.org/which/download/which-1.3.1.tgz#a45043d54f5805316da8d62f9f50918d3da70b0a"
  integrity sha1-pFBD1U9YBTFtqNYvn1CRjT2nCwo=
  dependencies:
    isexe "^2.0.0"

windows-release@^3.1.0:
  version "3.3.3"
  resolved "https://registry.npm.taobao.org/windows-release/download/windows-release-3.3.3.tgz#1c10027c7225743eec6b89df160d64c2e0293999"
  integrity sha1-HBACfHIldD7sa4nfFg1kwuApOZk=
  dependencies:
    execa "^1.0.0"

wrappy@1:
  version "1.0.2"
  resolved "https://registry.npm.taobao.org/wrappy/download/wrappy-1.0.2.tgz#b5243d8f3ec1aa35f1364605bc0d1036e30ab69f"
  integrity sha1-tSQ9jz7BqjXxNkYFvA0QNuMKtp8=
